
Microsoft Visual Studio Solution File, Format Version 12.00
# Visual Studio Version 17
VisualStudioVersion = 17.0.31903.59
MinimumVisualStudioVersion = 10.0.40219.1
Project("{FAE04EC0-301F-11D3-BF4B-00C04F79EFBC}") = "RoomBooking.Domain", "src\RoomBooking.Domain\RoomBooking.Domain.csproj", "{90EA8DD3-73F7-428E-9D4D-4E2A2E6803B0}"
EndProject
Global
	GlobalSection(SolutionConfigurationPlatforms) = preSolution
		Debug|Any CPU = Debug|Any CPU
		Release|Any CPU = Release|Any CPU
	EndGlobalSection
	GlobalSection(ProjectConfigurationPlatforms) = postSolution
		{90EA8DD3-73F7-428E-9D4D-4E2A2E6803B0}.Debug|Any CPU.ActiveCfg = Debug|Any CPU
		{90EA8DD3-73F7-428E-9D4D-4E2A2E6803B0}.Debug|Any CPU.Build.0 = Debug|Any CPU
		{90EA8DD3-73F7-428E-9D4D-4E2A2E6803B0}.Release|Any CPU.ActiveCfg = Release|Any CPU
		{90EA8DD3-73F7-428E-9D4D-4E2A2E6803B0}.Release|Any CPU.Build.0 = Release|Any CPU
	EndGlobalSection
	GlobalSection(SolutionProperties) = preSolution
		HideSolutionNode = FALSE
	EndGlobalSection
	GlobalSection(ExtensibilityGlobals) = postSolution
		SolutionGuid = {B8E6B919-B139-466D-83C8-F71D6CFDE3CE}
	EndGlobalSection
EndGlobal
